
Microsoft Visual Studio Solution File, Format Version 12.00
# Visual Studio Version 16
VisualStudioVersion = 16.0.31025.194
MinimumVisualStudioVersion = 10.0.40219.1
Project("{FAE04EC0-301F-11D3-BF4B-00C04F79EFBC}") = "findparts", "findparts\findparts.csproj", "{26FC4FE8-E8FA-466A-B43A-1AE40346E914}"
EndProject
Project("{FAE04EC0-301F-11D3-BF4B-00C04F79EFBC}") = "DAL", "DAL\DAL.csproj", "{6E7C20F4-4F30-4744-A490-D6FFF2210E62}"
EndProject
Global
	GlobalSection(SolutionConfigurationPlatforms) = preSolution
		Debug|Any CPU = Debug|Any CPU
		Release|Any CPU = Release|Any CPU
	EndGlobalSection
	GlobalSection(ProjectConfigurationPlatforms) = postSolution
		{26FC4FE8-E8FA-466A-B43A-1AE40346E914}.Debug|Any CPU.ActiveCfg = Debug|Any CPU
		{26FC4FE8-E8FA-466A-B43A-1AE40346E914}.Debug|Any CPU.Build.0 = Debug|Any CPU
		{26FC4FE8-E8FA-466A-B43A-1AE40346E914}.Release|Any CPU.ActiveCfg = Release|Any CPU
		{26FC4FE8-E8FA-466A-B43A-1AE40346E914}.Release|Any CPU.Build.0 = Release|Any CPU
		{6E7C20F4-4F30-4744-A490-D6FFF2210E62}.Debug|Any CPU.ActiveCfg = Debug|Any CPU
		{6E7C20F4-4F30-4744-A490-D6FFF2210E62}.Debug|Any CPU.Build.0 = Debug|Any CPU
		{6E7C20F4-4F30-4744-A490-D6FFF2210E62}.Release|Any CPU.ActiveCfg = Release|Any CPU
		{6E7C20F4-4F30-4744-A490-D6FFF2210E62}.Release|Any CPU.Build.0 = Release|Any CPU
	EndGlobalSection
	GlobalSection(SolutionProperties) = preSolution
		HideSolutionNode = FALSE
	EndGlobalSection
	GlobalSection(ExtensibilityGlobals) = postSolution
		SolutionGuid = {3DB43B72-62BF-447D-BDE6-04DEEBBD6527}
	EndGlobalSection
EndGlobal
